
Microsoft Visual Studio Solution File, Format Version 12.00
# Visual Studio Version 17
VisualStudioVersion = 17.11.35327.3
MinimumVisualStudioVersion = 10.0.40219.1
Project("{9A19103F-16F7-4668-BE54-9A1E7A4F7556}") = "OnlineTipsService", "OnlineTipsService.csproj", "{B4FE817D-5679-4490-ABE2-0AD6A00693BF}"
EndProject
Project("{FAE04EC0-301F-11D3-BF4B-00C04F79EFBC}") = "OnlineTipsServiceWeb", "..\OnlineTipsServiceWeb\OnlineTipsServiceWeb.csproj", "{24A858B6-08E6-4E0D-9E8A-C43A4F40006D}"
EndProject
Global
	GlobalSection(SolutionConfigurationPlatforms) = preSolution
		Debug|Any CPU = Debug|Any CPU
		Release|Any CPU = Release|Any CPU
	EndGlobalSection
	GlobalSection(ProjectConfigurationPlatforms) = postSolution
		{B4FE817D-5679-4490-ABE2-0AD6A00693BF}.Debug|Any CPU.ActiveCfg = Debug|Any CPU
		{B4FE817D-5679-4490-ABE2-0AD6A00693BF}.Debug|Any CPU.Build.0 = Debug|Any CPU
		{B4FE817D-5679-4490-ABE2-0AD6A00693BF}.Release|Any CPU.ActiveCfg = Release|Any CPU
		{B4FE817D-5679-4490-ABE2-0AD6A00693BF}.Release|Any CPU.Build.0 = Release|Any CPU
		{24A858B6-08E6-4E0D-9E8A-C43A4F40006D}.Debug|Any CPU.ActiveCfg = Debug|Any CPU
		{24A858B6-08E6-4E0D-9E8A-C43A4F40006D}.Debug|Any CPU.Build.0 = Debug|Any CPU
		{24A858B6-08E6-4E0D-9E8A-C43A4F40006D}.Release|Any CPU.ActiveCfg = Release|Any CPU
		{24A858B6-08E6-4E0D-9E8A-C43A4F40006D}.Release|Any CPU.Build.0 = Release|Any CPU
	EndGlobalSection
	GlobalSection(SolutionProperties) = preSolution
		HideSolutionNode = FALSE
	EndGlobalSection
	GlobalSection(ExtensibilityGlobals) = postSolution
		SolutionGuid = {2C35CE3A-357D-4F12-AE0D-036D4A0B8FA0}
	EndGlobalSection
EndGlobal
